
Microsoft Visual Studio Solution File, Format Version 12.00
# Visual Studio Version 17
VisualStudioVersion = 17.0.31521.260
MinimumVisualStudioVersion = 10.0.40219.1
Project("{9A19103F-16F7-4668-BE54-9A1E7A4F7556}") = "ReminderAppReD", "ReminderAppReD\ReminderAppReD.csproj", "{4A716F2D-EC0F-4EDE-9D93-62BC183B47C5}"
EndProject
Project("{FAE04EC0-301F-11D3-BF4B-00C04F79EFBC}") = "Tests", "Tests\Tests.csproj", "{3F72A7A2-87A0-4E4D-8F25-121B37E64735}"
EndProject
Global
	GlobalSection(SolutionConfigurationPlatforms) = preSolution
		Debug|Any CPU = Debug|Any CPU
		Release|Any CPU = Release|Any CPU
	EndGlobalSection
	GlobalSection(ProjectConfigurationPlatforms) = postSolution
		{4A716F2D-EC0F-4EDE-9D93-62BC183B47C5}.Debug|Any CPU.ActiveCfg = Debug|Any CPU
		{4A716F2D-EC0F-4EDE-9D93-62BC183B47C5}.Debug|Any CPU.Build.0 = Debug|Any CPU
		{4A716F2D-EC0F-4EDE-9D93-62BC183B47C5}.Release|Any CPU.ActiveCfg = Release|Any CPU
		{4A716F2D-EC0F-4EDE-9D93-62BC183B47C5}.Release|Any CPU.Build.0 = Release|Any CPU
		{3F72A7A2-87A0-4E4D-8F25-121B37E64735}.Debug|Any CPU.ActiveCfg = Debug|Any CPU
		{3F72A7A2-87A0-4E4D-8F25-121B37E64735}.Debug|Any CPU.Build.0 = Debug|Any CPU
		{3F72A7A2-87A0-4E4D-8F25-121B37E64735}.Release|Any CPU.ActiveCfg = Release|Any CPU
		{3F72A7A2-87A0-4E4D-8F25-121B37E64735}.Release|Any CPU.Build.0 = Release|Any CPU
	EndGlobalSection
	GlobalSection(SolutionProperties) = preSolution
		HideSolutionNode = FALSE
	EndGlobalSection
	GlobalSection(ExtensibilityGlobals) = postSolution
		SolutionGuid = {3855BC24-8820-437A-A029-49B1C217F297}
	EndGlobalSection
EndGlobal
